<Solution>
  <Configurations>
    <Platform Name="Any CPU" />
    <Platform Name="x64" />
    <Platform Name="x86" />
  </Configurations>
  <Folder Name="/Documentation/">
    <File Path="README.md" />
    <File Path="umbraco-marketplace.json" />
  </Folder>
  <Folder Name="/GitHub/">
    <File Path=".github/workflows/build.yml" />
    <File Path=".github/workflows/release.yml" />
  </Folder>
  <Project Path="OpenOrClosed/OpenOrClosed.csproj" />
  <!-- <Project Path="OpenOrClosed.Core/OpenOrClosed.Core.csproj" /> -->
  <Project Path="OpenOrClosed.TestSite/OpenOrClosed.TestSite.csproj" />
  <Project Path="tests/OpenOrClosed.Tests/OpenOrClosed.Tests.csproj" />
</Solution>
